// !$*UTF8*$!
{
	archiveVersion = 1;
	classes = {
	};
	objectVersion = 46;
	objects = {

/* Begin PBXBuildFile section */
		7ADD6ADD37EA827D220FFF3E /* Pods_HishowZoneTests.framework in Frameworks */ = {isa = PBXBuildFile; fileRef = 789EC14E4EF78F260C568315 /* Pods_HishowZoneTests.framework */; };
		AEC2819D1D82BA9500C1D4A9 /* ProfileViewController.swift in Sources */ = {isa = PBXBuildFile; fileRef = AEC2819C1D82BA9500C1D4A9 /* ProfileViewController.swift */; };
		AED3D72B1D7E5E6E0069033F /* AppDelegate.swift in Sources */ = {isa = PBXBuildFile; fileRef = AED3D72A1D7E5E6E0069033F /* AppDelegate.swift */; };
		AED3D7301D7E5E6E0069033F /* Main.storyboard in Resources */ = {isa = PBXBuildFile; fileRef = AED3D72E1D7E5E6E0069033F /* Main.storyboard */; };
		AED3D7321D7E5E6E0069033F /* Assets.xcassets in Resources */ = {isa = PBXBuildFile; fileRef = AED3D7311D7E5E6E0069033F /* Assets.xcassets */; };
		AED3D7351D7E5E6E0069033F /* LaunchScreen.storyboard in Resources */ = {isa = PBXBuildFile; fileRef = AED3D7331D7E5E6E0069033F /* LaunchScreen.storyboard */; };
		AED3D7401D7E5E6E0069033F /* HishowZoneTests.swift in Sources */ = {isa = PBXBuildFile; fileRef = AED3D73F1D7E5E6E0069033F /* HishowZoneTests.swift */; };
		AED3D74B1D7E5E6E0069033F /* HishowZoneUITests.swift in Sources */ = {isa = PBXBuildFile; fileRef = AED3D74A1D7E5E6E0069033F /* HishowZoneUITests.swift */; };
		AED3D75D1D7E621B0069033F /* HishowAPI.swift in Sources */ = {isa = PBXBuildFile; fileRef = AED3D75C1D7E621B0069033F /* HishowAPI.swift */; };
		AED3D7631D7E64460069033F /* TopicsViewController.swift in Sources */ = {isa = PBXBuildFile; fileRef = AED3D7621D7E64460069033F /* TopicsViewController.swift */; };
		AED3D7691D7E64940069033F /* TopicModel.swift in Sources */ = {isa = PBXBuildFile; fileRef = AED3D7681D7E64940069033F /* TopicModel.swift */; };
		AED3D76C1D7E659B0069033F /* TopicItemCell.swift in Sources */ = {isa = PBXBuildFile; fileRef = AED3D76A1D7E659B0069033F /* TopicItemCell.swift */; };
		AED3D76D1D7E659B0069033F /* TopicItemCell.xib in Resources */ = {isa = PBXBuildFile; fileRef = AED3D76B1D7E659B0069033F /* TopicItemCell.xib */; };
		AED3D7701D7E65E10069033F /* RoundAvatar.swift in Sources */ = {isa = PBXBuildFile; fileRef = AED3D76F1D7E65E10069033F /* RoundAvatar.swift */; };
		AED3D7721D7E67BD0069033F /* ExUIViewController.swift in Sources */ = {isa = PBXBuildFile; fileRef = AED3D7711D7E67BD0069033F /* ExUIViewController.swift */; };
		AED3D7741D7E68780069033F /* ExUIView.swift in Sources */ = {isa = PBXBuildFile; fileRef = AED3D7731D7E68780069033F /* ExUIView.swift */; };
		AED3D77A1D7E6C030069033F /* ProfileAvatarCell.swift in Sources */ = {isa = PBXBuildFile; fileRef = AED3D7781D7E6C030069033F /* ProfileAvatarCell.swift */; };
		AED3D77B1D7E6C030069033F /* ProfileAvatarCell.xib in Resources */ = {isa = PBXBuildFile; fileRef = AED3D7791D7E6C030069033F /* ProfileAvatarCell.xib */; };
		B1A477AF36E4CEB3609B6921 /* Pods_HishowZoneUITests.framework in Frameworks */ = {isa = PBXBuildFile; fileRef = ADBB751A03EF2C31E30499BE /* Pods_HishowZoneUITests.framework */; };
		C2059AFF404E5F199CF5882B /* Pods_HishowZone.framework in Frameworks */ = {isa = PBXBuildFile; fileRef = 3D144F19ABAC71F9205B1333 /* Pods_HishowZone.framework */; };
/* End PBXBuildFile section */

/* Begin PBXContainerItemProxy section */
		AED3D73C1D7E5E6E0069033F /* PBXContainerItemProxy */ = {
			isa = PBXContainerItemProxy;
			containerPortal = AED3D71F1D7E5E6D0069033F /* Project object */;
			proxyType = 1;
			remoteGlobalIDString = AED3D7261D7E5E6E0069033F;
			remoteInfo = HishowZone;
		};
		AED3D7471D7E5E6E0069033F /* PBXContainerItemProxy */ = {
			isa = PBXContainerItemProxy;
			containerPortal = AED3D71F1D7E5E6D0069033F /* Project object */;
			proxyType = 1;
			remoteGlobalIDString = AED3D7261D7E5E6E0069033F;
			remoteInfo = HishowZone;
		};
/* End PBXContainerItemProxy section */

/* Begin PBXFileReference section */
		34057CDAEDC8DBCA9CAD9347 /* Pods-HishowZone.release.xcconfig */ = {isa = PBXFileReference; includeInIndex = 1; lastKnownFileType = text.xcconfig; name = "Pods-HishowZone.release.xcconfig"; path = "Pods/Target Support Files/Pods-HishowZone/Pods-HishowZone.release.xcconfig"; sourceTree = "<group>"; };
		3D144F19ABAC71F9205B1333 /* Pods_HishowZone.framework */ = {isa = PBXFileReference; explicitFileType = wrapper.framework; includeInIndex = 0; path = Pods_HishowZone.framework; sourceTree = BUILT_PRODUCTS_DIR; };
		5E448190B2ECBD29A39019D7 /* Pods-HishowZoneTests.release.xcconfig */ = {isa = PBXFileReference; includeInIndex = 1; lastKnownFileType = text.xcconfig; name = "Pods-HishowZoneTests.release.xcconfig"; path = "Pods/Target Support Files/Pods-HishowZoneTests/Pods-HishowZoneTests.release.xcconfig"; sourceTree = "<group>"; };
		789EC14E4EF78F260C568315 /* Pods_HishowZoneTests.framework */ = {isa = PBXFileReference; explicitFileType = wrapper.framework; includeInIndex = 0; path = Pods_HishowZoneTests.framework; sourceTree = BUILT_PRODUCTS_DIR; };
		960753FD6DF7A9C2331FF843 /* Pods-HishowZoneUITests.release.xcconfig */ = {isa = PBXFileReference; includeInIndex = 1; lastKnownFileType = text.xcconfig; name = "Pods-HishowZoneUITests.release.xcconfig"; path = "Pods/Target Support Files/Pods-HishowZoneUITests/Pods-HishowZoneUITests.release.xcconfig"; sourceTree = "<group>"; };
		9FC546136B239924CA50DBB1 /* Pods-HishowZoneUITests.debug.xcconfig */ = {isa = PBXFileReference; includeInIndex = 1; lastKnownFileType = text.xcconfig; name = "Pods-HishowZoneUITests.debug.xcconfig"; path = "Pods/Target Support Files/Pods-HishowZoneUITests/Pods-HishowZoneUITests.debug.xcconfig"; sourceTree = "<group>"; };
		ADBB751A03EF2C31E30499BE /* Pods_HishowZoneUITests.framework */ = {isa = PBXFileReference; explicitFileType = wrapper.framework; includeInIndex = 0; path = Pods_HishowZoneUITests.framework; sourceTree = BUILT_PRODUCTS_DIR; };
		AEC2819C1D82BA9500C1D4A9 /* ProfileViewController.swift */ = {isa = PBXFileReference; fileEncoding = 4; lastKnownFileType = sourcecode.swift; path = ProfileViewController.swift; sourceTree = "<group>"; };
		AED3D7271D7E5E6E0069033F /* HishowZone.app */ = {isa = PBXFileReference; explicitFileType = wrapper.application; includeInIndex = 0; path = HishowZone.app; sourceTree = BUILT_PRODUCTS_DIR; };
		AED3D72A1D7E5E6E0069033F /* AppDelegate.swift */ = {isa = PBXFileReference; lastKnownFileType = sourcecode.swift; path = AppDelegate.swift; sourceTree = "<group>"; };
		AED3D72F1D7E5E6E0069033F /* Base */ = {isa = PBXFileReference; lastKnownFileType = file.storyboard; name = Base; path = Base.lproj/Main.storyboard; sourceTree = "<group>"; };
		AED3D7311D7E5E6E0069033F /* Assets.xcassets */ = {isa = PBXFileReference; lastKnownFileType = folder.assetcatalog; path = Assets.xcassets; sourceTree = "<group>"; };
		AED3D7341D7E5E6E0069033F /* Base */ = {isa = PBXFileReference; lastKnownFileType = file.storyboard; name = Base; path = Base.lproj/LaunchScreen.storyboard; sourceTree = "<group>"; };
		AED3D7361D7E5E6E0069033F /* Info.plist */ = {isa = PBXFileReference; lastKnownFileType = text.plist.xml; path = Info.plist; sourceTree = "<group>"; };
		AED3D73B1D7E5E6E0069033F /* HishowZoneTests.xctest */ = {isa = PBXFileReference; explicitFileType = wrapper.cfbundle; includeInIndex = 0; path = HishowZoneTests.xctest; sourceTree = BUILT_PRODUCTS_DIR; };
		AED3D73F1D7E5E6E0069033F /* HishowZoneTests.swift */ = {isa = PBXFileReference; lastKnownFileType = sourcecode.swift; path = HishowZoneTests.swift; sourceTree = "<group>"; };
		AED3D7411D7E5E6E0069033F /* Info.plist */ = {isa = PBXFileReference; lastKnownFileType = text.plist.xml; path = Info.plist; sourceTree = "<group>"; };
		AED3D7461D7E5E6E0069033F /* HishowZoneUITests.xctest */ = {isa = PBXFileReference; explicitFileType = wrapper.cfbundle; includeInIndex = 0; path = HishowZoneUITests.xctest; sourceTree = BUILT_PRODUCTS_DIR; };
		AED3D74A1D7E5E6E0069033F /* HishowZoneUITests.swift */ = {isa = PBXFileReference; lastKnownFileType = sourcecode.swift; path = HishowZoneUITests.swift; sourceTree = "<group>"; };
		AED3D74C1D7E5E6E0069033F /* Info.plist */ = {isa = PBXFileReference; lastKnownFileType = text.plist.xml; path = Info.plist; sourceTree = "<group>"; };
		AED3D7581D7E61890069033F /* HishowZone-Bridging-Header.h */ = {isa = PBXFileReference; lastKnownFileType = sourcecode.c.h; path = "HishowZone-Bridging-Header.h"; sourceTree = "<group>"; };
		AED3D75C1D7E621B0069033F /* HishowAPI.swift */ = {isa = PBXFileReference; fileEncoding = 4; lastKnownFileType = sourcecode.swift; path = HishowAPI.swift; sourceTree = "<group>"; };
		AED3D7621D7E64460069033F /* TopicsViewController.swift */ = {isa = PBXFileReference; fileEncoding = 4; lastKnownFileType = sourcecode.swift; path = TopicsViewController.swift; sourceTree = "<group>"; };
		AED3D7681D7E64940069033F /* TopicModel.swift */ = {isa = PBXFileReference; fileEncoding = 4; lastKnownFileType = sourcecode.swift; path = TopicModel.swift; sourceTree = "<group>"; };
		AED3D76A1D7E659B0069033F /* TopicItemCell.swift */ = {isa = PBXFileReference; fileEncoding = 4; lastKnownFileType = sourcecode.swift; path = TopicItemCell.swift; sourceTree = "<group>"; };
		AED3D76B1D7E659B0069033F /* TopicItemCell.xib */ = {isa = PBXFileReference; fileEncoding = 4; lastKnownFileType = file.xib; path = TopicItemCell.xib; sourceTree = "<group>"; };
		AED3D76F1D7E65E10069033F /* RoundAvatar.swift */ = {isa = PBXFileReference; fileEncoding = 4; lastKnownFileType = sourcecode.swift; path = RoundAvatar.swift; sourceTree = "<group>"; };
		AED3D7711D7E67BD0069033F /* ExUIViewController.swift */ = {isa = PBXFileReference; fileEncoding = 4; lastKnownFileType = sourcecode.swift; path = ExUIViewController.swift; sourceTree = "<group>"; };
		AED3D7731D7E68780069033F /* ExUIView.swift */ = {isa = PBXFileReference; fileEncoding = 4; lastKnownFileType = sourcecode.swift; path = ExUIView.swift; sourceTree = "<group>"; };
		AED3D7781D7E6C030069033F /* ProfileAvatarCell.swift */ = {isa = PBXFileReference; fileEncoding = 4; lastKnownFileType = sourcecode.swift; path = ProfileAvatarCell.swift; sourceTree = "<group>"; };
		AED3D7791D7E6C030069033F /* ProfileAvatarCell.xib */ = {isa = PBXFileReference; fileEncoding = 4; lastKnownFileType = file.xib; path = ProfileAvatarCell.xib; sourceTree = "<group>"; };
		B54EEF628B185F9AB575844E /* Pods-HishowZoneTests.debug.xcconfig */ = {isa = PBXFileReference; includeInIndex = 1; lastKnownFileType = text.xcconfig; name = "Pods-HishowZoneTests.debug.xcconfig"; path = "Pods/Target Support Files/Pods-HishowZoneTests/Pods-HishowZoneTests.debug.xcconfig"; sourceTree = "<group>"; };
		BDA9D0021BC2825DD32730E4 /* Pods-HishowZone.debug.xcconfig */ = {isa = PBXFileReference; includeInIndex = 1; lastKnownFileType = text.xcconfig; name = "Pods-HishowZone.debug.xcconfig"; path = "Pods/Target Support Files/Pods-HishowZone/Pods-HishowZone.debug.xcconfig"; sourceTree = "<group>"; };
/* End PBXFileReference section */

/* Begin PBXFrameworksBuildPhase section */
		AED3D7241D7E5E6E0069033F /* Frameworks */ = {
			isa = PBXFrameworksBuildPhase;
			buildActionMask = 2147483647;
			files = (
				C2059AFF404E5F199CF5882B /* Pods_HishowZone.framework in Frameworks */,
			);
			runOnlyForDeploymentPostprocessing = 0;
		};
		AED3D7381D7E5E6E0069033F /* Frameworks */ = {
			isa = PBXFrameworksBuildPhase;
			buildActionMask = 2147483647;
			files = (
				7ADD6ADD37EA827D220FFF3E /* Pods_HishowZoneTests.framework in Frameworks */,
			);
			runOnlyForDeploymentPostprocessing = 0;
		};
		AED3D7431D7E5E6E0069033F /* Frameworks */ = {
			isa = PBXFrameworksBuildPhase;
			buildActionMask = 2147483647;
			files = (
				B1A477AF36E4CEB3609B6921 /* Pods_HishowZoneUITests.framework in Frameworks */,
			);
			runOnlyForDeploymentPostprocessing = 0;
		};
/* End PBXFrameworksBuildPhase section */

/* Begin PBXGroup section */
		4347A435632E654A46EECAD1 /* Frameworks */ = {
			isa = PBXGroup;
			children = (
				3D144F19ABAC71F9205B1333 /* Pods_HishowZone.framework */,
				789EC14E4EF78F260C568315 /* Pods_HishowZoneTests.framework */,
				ADBB751A03EF2C31E30499BE /* Pods_HishowZoneUITests.framework */,
			);
			name = Frameworks;
			sourceTree = "<group>";
		};
		7E107174C742BF3BF6C1B821 /* Pods */ = {
			isa = PBXGroup;
			children = (
				BDA9D0021BC2825DD32730E4 /* Pods-HishowZone.debug.xcconfig */,
				34057CDAEDC8DBCA9CAD9347 /* Pods-HishowZone.release.xcconfig */,
				B54EEF628B185F9AB575844E /* Pods-HishowZoneTests.debug.xcconfig */,
				5E448190B2ECBD29A39019D7 /* Pods-HishowZoneTests.release.xcconfig */,
				9FC546136B239924CA50DBB1 /* Pods-HishowZoneUITests.debug.xcconfig */,
				960753FD6DF7A9C2331FF843 /* Pods-HishowZoneUITests.release.xcconfig */,
			);
			name = Pods;
			sourceTree = "<group>";
		};
		AED3D71E1D7E5E6D0069033F = {
			isa = PBXGroup;
			children = (
				AED3D7291D7E5E6E0069033F /* HishowZone */,
				AED3D73E1D7E5E6E0069033F /* HishowZoneTests */,
				AED3D7491D7E5E6E0069033F /* HishowZoneUITests */,
				AED3D7281D7E5E6E0069033F /* Products */,
				7E107174C742BF3BF6C1B821 /* Pods */,
				4347A435632E654A46EECAD1 /* Frameworks */,
			);
			sourceTree = "<group>";
		};
		AED3D7281D7E5E6E0069033F /* Products */ = {
			isa = PBXGroup;
			children = (
				AED3D7271D7E5E6E0069033F /* HishowZone.app */,
				AED3D73B1D7E5E6E0069033F /* HishowZoneTests.xctest */,
				AED3D7461D7E5E6E0069033F /* HishowZoneUITests.xctest */,
			);
			name = Products;
			sourceTree = "<group>";
		};
		AED3D7291D7E5E6E0069033F /* HishowZone */ = {
			isa = PBXGroup;
			children = (
				AED3D72A1D7E5E6E0069033F /* AppDelegate.swift */,
				AED3D75C1D7E621B0069033F /* HishowAPI.swift */,
				AED3D7581D7E61890069033F /* HishowZone-Bridging-Header.h */,
				AED3D75E1D7E63F90069033F /* General */,
				AED3D7601D7E64020069033F /* Features */,
				AED3D72E1D7E5E6E0069033F /* Main.storyboard */,
				AED3D7311D7E5E6E0069033F /* Assets.xcassets */,
				AED3D7331D7E5E6E0069033F /* LaunchScreen.storyboard */,
				AED3D7361D7E5E6E0069033F /* Info.plist */,
			);
			path = HishowZone;
			sourceTree = "<group>";
		};
		AED3D73E1D7E5E6E0069033F /* HishowZoneTests */ = {
			isa = PBXGroup;
			children = (
				AED3D73F1D7E5E6E0069033F /* HishowZoneTests.swift */,
				AED3D7411D7E5E6E0069033F /* Info.plist */,
			);
			path = HishowZoneTests;
			sourceTree = "<group>";
		};
		AED3D7491D7E5E6E0069033F /* HishowZoneUITests */ = {
			isa = PBXGroup;
			children = (
				AED3D74A1D7E5E6E0069033F /* HishowZoneUITests.swift */,
				AED3D74C1D7E5E6E0069033F /* Info.plist */,
			);
			path = HishowZoneUITests;
			sourceTree = "<group>";
		};
		AED3D75E1D7E63F90069033F /* General */ = {
			isa = PBXGroup;
			children = (
				AED3D75F1D7E63F90069033F /* Extensions */,
				AED3D76E1D7E65CA0069033F /* View */,
			);
			path = General;
			sourceTree = "<group>";
		};
		AED3D75F1D7E63F90069033F /* Extensions */ = {
			isa = PBXGroup;
			children = (
				AED3D7711D7E67BD0069033F /* ExUIViewController.swift */,
				AED3D7731D7E68780069033F /* ExUIView.swift */,
			);
			path = Extensions;
			sourceTree = "<group>";
		};
		AED3D7601D7E64020069033F /* Features */ = {
			isa = PBXGroup;
			children = (
				AED3D7611D7E64020069033F /* Topics */,
				AED3D7771D7E6BE90069033F /* Profile */,
			);
			path = Features;
			sourceTree = "<group>";
		};
		AED3D7611D7E64020069033F /* Topics */ = {
			isa = PBXGroup;
			children = (
				AED3D7621D7E64460069033F /* TopicsViewController.swift */,
				AED3D76A1D7E659B0069033F /* TopicItemCell.swift */,
				AED3D76B1D7E659B0069033F /* TopicItemCell.xib */,
				AED3D7681D7E64940069033F /* TopicModel.swift */,
			);
			path = Topics;
			sourceTree = "<group>";
		};
		AED3D76E1D7E65CA0069033F /* View */ = {
			isa = PBXGroup;
			children = (
				AED3D76F1D7E65E10069033F /* RoundAvatar.swift */,
			);
			path = View;
			sourceTree = "<group>";
		};
		AED3D7771D7E6BE90069033F /* Profile */ = {
			isa = PBXGroup;
			children = (
				AEC2819C1D82BA9500C1D4A9 /* ProfileViewController.swift */,
				AED3D7781D7E6C030069033F /* ProfileAvatarCell.swift */,
				AED3D7791D7E6C030069033F /* ProfileAvatarCell.xib */,
			);
			path = Profile;
			sourceTree = "<group>";
		};
/* End PBXGroup section */

/* Begin PBXNativeTarget section */
		AED3D7261D7E5E6E0069033F /* HishowZone */ = {
			isa = PBXNativeTarget;
			buildConfigurationList = AED3D74F1D7E5E6E0069033F /* Build configuration list for PBXNativeTarget "HishowZone" */;
			buildPhases = (
				5C895C6EFD4C1C98413DA98C /* [CP] Check Pods Manifest.lock */,
				AED3D7231D7E5E6E0069033F /* Sources */,
				AED3D7241D7E5E6E0069033F /* Frameworks */,
				AED3D7251D7E5E6E0069033F /* Resources */,
				456A069C046A445AD6494334 /* [CP] Embed Pods Frameworks */,
				384121A1E1B7CC4DF19AF956 /* [CP] Copy Pods Resources */,
			);
			buildRules = (
			);
			dependencies = (
			);
			name = HishowZone;
			productName = HishowZone;
			productReference = AED3D7271D7E5E6E0069033F /* HishowZone.app */;
			productType = "com.apple.product-type.application";
		};
		AED3D73A1D7E5E6E0069033F /* HishowZoneTests */ = {
			isa = PBXNativeTarget;
			buildConfigurationList = AED3D7521D7E5E6E0069033F /* Build configuration list for PBXNativeTarget "HishowZoneTests" */;
			buildPhases = (
				EED5EE6E5921C645548837BC /* [CP] Check Pods Manifest.lock */,
				AED3D7371D7E5E6E0069033F /* Sources */,
				AED3D7381D7E5E6E0069033F /* Frameworks */,
				AED3D7391D7E5E6E0069033F /* Resources */,
				E8E9A169AB8C2B7C8C9A5313 /* [CP] Embed Pods Frameworks */,
				EEEB4CA8866FE9D7CE3C8F75 /* [CP] Copy Pods Resources */,
			);
			buildRules = (
			);
			dependencies = (
				AED3D73D1D7E5E6E0069033F /* PBXTargetDependency */,
			);
			name = HishowZoneTests;
			productName = HishowZoneTests;
			productReference = AED3D73B1D7E5E6E0069033F /* HishowZoneTests.xctest */;
			productType = "com.apple.product-type.bundle.unit-test";
		};
		AED3D7451D7E5E6E0069033F /* HishowZoneUITests */ = {
			isa = PBXNativeTarget;
			buildConfigurationList = AED3D7551D7E5E6E0069033F /* Build configuration list for PBXNativeTarget "HishowZoneUITests" */;
			buildPhases = (
				03D7FE19938B263737350979 /* [CP] Check Pods Manifest.lock */,
				AED3D7421D7E5E6E0069033F /* Sources */,
				AED3D7431D7E5E6E0069033F /* Frameworks */,
				AED3D7441D7E5E6E0069033F /* Resources */,
				74B5E41FC0B030A65FE5D183 /* [CP] Copy Pods Resources */,
			);
			buildRules = (
			);
			dependencies = (
				AED3D7481D7E5E6E0069033F /* PBXTargetDependency */,
			);
			name = HishowZoneUITests;
			productName = HishowZoneUITests;
			productReference = AED3D7461D7E5E6E0069033F /* HishowZoneUITests.xctest */;
			productType = "com.apple.product-type.bundle.ui-testing";
		};
/* End PBXNativeTarget section */

/* Begin PBXProject section */
		AED3D71F1D7E5E6D0069033F /* Project object */ = {
			isa = PBXProject;
			attributes = {
				LastSwiftUpdateCheck = 0730;
				LastUpgradeCheck = 0730;
				ORGANIZATIONNAME = "Chu Guimin";
				TargetAttributes = {
					AED3D7261D7E5E6E0069033F = {
						CreatedOnToolsVersion = 7.3.1;
					};
					AED3D73A1D7E5E6E0069033F = {
						CreatedOnToolsVersion = 7.3.1;
						TestTargetID = AED3D7261D7E5E6E0069033F;
					};
					AED3D7451D7E5E6E0069033F = {
						CreatedOnToolsVersion = 7.3.1;
						TestTargetID = AED3D7261D7E5E6E0069033F;
					};
				};
			};
			buildConfigurationList = AED3D7221D7E5E6D0069033F /* Build configuration list for PBXProject "HishowZone" */;
			compatibilityVersion = "Xcode 3.2";
			developmentRegion = English;
			hasScannedForEncodings = 0;
			knownRegions = (
				en,
				Base,
			);
			mainGroup = AED3D71E1D7E5E6D0069033F;
			productRefGroup = AED3D7281D7E5E6E0069033F /* Products */;
			projectDirPath = "";
			projectRoot = "";
			targets = (
				AED3D7261D7E5E6E0069033F /* HishowZone */,
				AED3D73A1D7E5E6E0069033F /* HishowZoneTests */,
				AED3D7451D7E5E6E0069033F /* HishowZoneUITests */,
			);
		};
/* End PBXProject section */

/* Begin PBXResourcesBuildPhase section */
		AED3D7251D7E5E6E0069033F /* Resources */ = {
			isa = PBXResourcesBuildPhase;
			buildActionMask = 2147483647;
			files = (
				AED3D76D1D7E659B0069033F /* TopicItemCell.xib in Resources */,
				AED3D7351D7E5E6E0069033F /* LaunchScreen.storyboard in Resources */,
				AED3D7321D7E5E6E0069033F /* Assets.xcassets in Resources */,
				AED3D77B1D7E6C030069033F /* ProfileAvatarCell.xib in Resources */,
				AED3D7301D7E5E6E0069033F /* Main.storyboard in Resources */,
			);
			runOnlyForDeploymentPostprocessing = 0;
		};
		AED3D7391D7E5E6E0069033F /* Resources */ = {
			isa = PBXResourcesBuildPhase;
			buildActionMask = 2147483647;
			files = (
			);
			runOnlyForDeploymentPostprocessing = 0;
		};
		AED3D7441D7E5E6E0069033F /* Resources */ = {
			isa = PBXResourcesBuildPhase;
			buildActionMask = 2147483647;
			files = (
			);
			runOnlyForDeploymentPostprocessing = 0;
		};
/* End PBXResourcesBuildPhase section */

/* Begin PBXShellScriptBuildPhase section */
		03D7FE19938B263737350979 /* [CP] Check Pods Manifest.lock */ = {
			isa = PBXShellScriptBuildPhase;
			buildActionMask = 2147483647;
			files = (
			);
			inputPaths = (
			);
			name = "[CP] Check Pods Manifest.lock";
			outputPaths = (
			);
			runOnlyForDeploymentPostprocessing = 0;
			shellPath = /bin/sh;
			shellScript = "diff \"${PODS_ROOT}/../Podfile.lock\" \"${PODS_ROOT}/Manifest.lock\" > /dev/null\nif [[ $? != 0 ]] ; then\n    cat << EOM\nerror: The sandbox is not in sync with the Podfile.lock. Run 'pod install' or update your CocoaPods installation.\nEOM\n    exit 1\nfi\n";
			showEnvVarsInLog = 0;
		};
		384121A1E1B7CC4DF19AF956 /* [CP] Copy Pods Resources */ = {
			isa = PBXShellScriptBuildPhase;
			buildActionMask = 2147483647;
			files = (
			);
			inputPaths = (
			);
			name = "[CP] Copy Pods Resources";
			outputPaths = (
			);
			runOnlyForDeploymentPostprocessing = 0;
			shellPath = /bin/sh;
			shellScript = "\"${SRCROOT}/Pods/Target Support Files/Pods-HishowZone/Pods-HishowZone-resources.sh\"\n";
			showEnvVarsInLog = 0;
		};
		456A069C046A445AD6494334 /* [CP] Embed Pods Frameworks */ = {
			isa = PBXShellScriptBuildPhase;
			buildActionMask = 2147483647;
			files = (
			);
			inputPaths = (
			);
			name = "[CP] Embed Pods Frameworks";
			outputPaths = (
			);
			runOnlyForDeploymentPostprocessing = 0;
			shellPath = /bin/sh;
			shellScript = "\"${SRCROOT}/Pods/Target Support Files/Pods-HishowZone/Pods-HishowZone-frameworks.sh\"\n";
			showEnvVarsInLog = 0;
		};
		5C895C6EFD4C1C98413DA98C /* [CP] Check Pods Manifest.lock */ = {
			isa = PBXShellScriptBuildPhase;
			buildActionMask = 2147483647;
			files = (
			);
			inputPaths = (
			);
			name = "[CP] Check Pods Manifest.lock";
			outputPaths = (
			);
			runOnlyForDeploymentPostprocessing = 0;
			shellPath = /bin/sh;
			shellScript = "diff \"${PODS_ROOT}/../Podfile.lock\" \"${PODS_ROOT}/Manifest.lock\" > /dev/null\nif [[ $? != 0 ]] ; then\n    cat << EOM\nerror: The sandbox is not in sync with the Podfile.lock. Run 'pod install' or update your CocoaPods installation.\nEOM\n    exit 1\nfi\n";
			showEnvVarsInLog = 0;
		};
		74B5E41FC0B030A65FE5D183 /* [CP] Copy Pods Resources */ = {
			isa = PBXShellScriptBuildPhase;
			buildActionMask = 2147483647;
			files = (
			);
			inputPaths = (
			);
			name = "[CP] Copy Pods Resources";
			outputPaths = (
			);
			runOnlyForDeploymentPostprocessing = 0;
			shellPath = /bin/sh;
			shellScript = "\"${SRCROOT}/Pods/Target Support Files/Pods-HishowZoneUITests/Pods-HishowZoneUITests-resources.sh\"\n";
			showEnvVarsInLog = 0;
		};
		E8E9A169AB8C2B7C8C9A5313 /* [CP] Embed Pods Frameworks */ = {
			isa = PBXShellScriptBuildPhase;
			buildActionMask = 2147483647;
			files = (
			);
			inputPaths = (
			);
			name = "[CP] Embed Pods Frameworks";
			outputPaths = (
			);
			runOnlyForDeploymentPostprocessing = 0;
			shellPath = /bin/sh;
			shellScript = "\"${SRCROOT}/Pods/Target Support Files/Pods-HishowZoneTests/Pods-HishowZoneTests-frameworks.sh\"\n";
			showEnvVarsInLog = 0;
		};
		EED5EE6E5921C645548837BC /* [CP] Check Pods Manifest.lock */ = {
			isa = PBXShellScriptBuildPhase;
			buildActionMask = 2147483647;
			files = (
			);
			inputPaths = (
			);
			name = "[CP] Check Pods Manifest.lock";
			outputPaths = (
			);
			runOnlyForDeploymentPostprocessing = 0;
			shellPath = /bin/sh;
			shellScript = "diff \"${PODS_ROOT}/../Podfile.lock\" \"${PODS_ROOT}/Manifest.lock\" > /dev/null\nif [[ $? != 0 ]] ; then\n    cat << EOM\nerror: The sandbox is not in sync with the Podfile.lock. Run 'pod install' or update your CocoaPods installation.\nEOM\n    exit 1\nfi\n";
			showEnvVarsInLog = 0;
		};
		EEEB4CA8866FE9D7CE3C8F75 /* [CP] Copy Pods Resources */ = {
			isa = PBXShellScriptBuildPhase;
			buildActionMask = 2147483647;
			files = (
			);
			inputPaths = (
			);
			name = "[CP] Copy Pods Resources";
			outputPaths = (
			);
			runOnlyForDeploymentPostprocessing = 0;
			shellPath = /bin/sh;
			shellScript = "\"${SRCROOT}/Pods/Target Support Files/Pods-HishowZoneTests/Pods-HishowZoneTests-resources.sh\"\n";
			showEnvVarsInLog = 0;
		};
/* End PBXShellScriptBuildPhase section */

/* Begin PBXSourcesBuildPhase section */
		AED3D7231D7E5E6E0069033F /* Sources */ = {
			isa = PBXSourcesBuildPhase;
			buildActionMask = 2147483647;
			files = (
				AED3D77A1D7E6C030069033F /* ProfileAvatarCell.swift in Sources */,
				AED3D7691D7E64940069033F /* TopicModel.swift in Sources */,
				AEC2819D1D82BA9500C1D4A9 /* ProfileViewController.swift in Sources */,
				AED3D7701D7E65E10069033F /* RoundAvatar.swift in Sources */,
				AED3D75D1D7E621B0069033F /* HishowAPI.swift in Sources */,
				AED3D72B1D7E5E6E0069033F /* AppDelegate.swift in Sources */,
				AED3D7721D7E67BD0069033F /* ExUIViewController.swift in Sources */,
				AED3D7631D7E64460069033F /* TopicsViewController.swift in Sources */,
				AED3D76C1D7E659B0069033F /* TopicItemCell.swift in Sources */,
				AED3D7741D7E68780069033F /* ExUIView.swift in Sources */,
			);
			runOnlyForDeploymentPostprocessing = 0;
		};
		AED3D7371D7E5E6E0069033F /* Sources */ = {
			isa = PBXSourcesBuildPhase;
			buildActionMask = 2147483647;
			files = (
				AED3D7401D7E5E6E0069033F /* HishowZoneTests.swift in Sources */,
			);
			runOnlyForDeploymentPostprocessing = 0;
		};
		AED3D7421D7E5E6E0069033F /* Sources */ = {
			isa = PBXSourcesBuildPhase;
			buildActionMask = 2147483647;
			files = (
				AED3D74B1D7E5E6E0069033F /* HishowZoneUITests.swift in Sources */,
			);
			runOnlyForDeploymentPostprocessing = 0;
		};
/* End PBXSourcesBuildPhase section */

/* Begin PBXTargetDependency section */
		AED3D73D1D7E5E6E0069033F /* PBXTargetDependency */ = {
			isa = PBXTargetDependency;
			target = AED3D7261D7E5E6E0069033F /* HishowZone */;
			targetProxy = AED3D73C1D7E5E6E0069033F /* PBXContainerItemProxy */;
		};
		AED3D7481D7E5E6E0069033F /* PBXTargetDependency */ = {
			isa = PBXTargetDependency;
			target = AED3D7261D7E5E6E0069033F /* HishowZone */;
			targetProxy = AED3D7471D7E5E6E0069033F /* PBXContainerItemProxy */;
		};
/* End PBXTargetDependency section */

/* Begin PBXVariantGroup section */
		AED3D72E1D7E5E6E0069033F /* Main.storyboard */ = {
			isa = PBXVariantGroup;
			children = (
				AED3D72F1D7E5E6E0069033F /* Base */,
			);
			name = Main.storyboard;
			sourceTree = "<group>";
		};
		AED3D7331D7E5E6E0069033F /* LaunchScreen.storyboard */ = {
			isa = PBXVariantGroup;
			children = (
				AED3D7341D7E5E6E0069033F /* Base */,
			);
			name = LaunchScreen.storyboard;
			sourceTree = "<group>";
		};
/* End PBXVariantGroup section */

/* Begin XCBuildConfiguration section */
		AED3D74D1D7E5E6E0069033F /* Debug */ = {
			isa = XCBuildConfiguration;
			buildSettings = {
				ALWAYS_SEARCH_USER_PATHS = NO;
				CLANG_ANALYZER_NONNULL = YES;
				CLANG_CXX_LANGUAGE_STANDARD = "gnu++0x";
				CLANG_CXX_LIBRARY = "libc++";
				CLANG_ENABLE_MODULES = YES;
				CLANG_ENABLE_OBJC_ARC = YES;
				CLANG_WARN_BOOL_CONVERSION = YES;
				CLANG_WARN_CONSTANT_CONVERSION = YES;
				CLANG_WARN_DIRECT_OBJC_ISA_USAGE = YES_ERROR;
				CLANG_WARN_EMPTY_BODY = YES;
				CLANG_WARN_ENUM_CONVERSION = YES;
				CLANG_WARN_INT_CONVERSION = YES;
				CLANG_WARN_OBJC_ROOT_CLASS = YES_ERROR;
				CLANG_WARN_UNREACHABLE_CODE = YES;
				CLANG_WARN__DUPLICATE_METHOD_MATCH = YES;
				"CODE_SIGN_IDENTITY[sdk=iphoneos*]" = "iPhone Developer";
				COPY_PHASE_STRIP = NO;
				DEBUG_INFORMATION_FORMAT = dwarf;
				ENABLE_STRICT_OBJC_MSGSEND = YES;
				ENABLE_TESTABILITY = YES;
				GCC_C_LANGUAGE_STANDARD = gnu99;
				GCC_DYNAMIC_NO_PIC = NO;
				GCC_NO_COMMON_BLOCKS = YES;
				GCC_OPTIMIZATION_LEVEL = 0;
				GCC_PREPROCESSOR_DEFINITIONS = (
					"DEBUG=1",
					"$(inherited)",
				);
				GCC_WARN_64_TO_32_BIT_CONVERSION = YES;
				GCC_WARN_ABOUT_RETURN_TYPE = YES_ERROR;
				GCC_WARN_UNDECLARED_SELECTOR = YES;
				GCC_WARN_UNINITIALIZED_AUTOS = YES_AGGRESSIVE;
				GCC_WARN_UNUSED_FUNCTION = YES;
				GCC_WARN_UNUSED_VARIABLE = YES;
				IPHONEOS_DEPLOYMENT_TARGET = 9.3;
				MTL_ENABLE_DEBUG_INFO = YES;
				ONLY_ACTIVE_ARCH = YES;
				SDKROOT = iphoneos;
				SWIFT_OPTIMIZATION_LEVEL = "-Onone";
			};
			name = Debug;
		};
		AED3D74E1D7E5E6E0069033F /* Release */ = {
			isa = XCBuildConfiguration;
			buildSettings = {
				ALWAYS_SEARCH_USER_PATHS = NO;
				CLANG_ANALYZER_NONNULL = YES;
				CLANG_CXX_LANGUAGE_STANDARD = "gnu++0x";
				CLANG_CXX_LIBRARY = "libc++";
				CLANG_ENABLE_MODULES = YES;
				CLANG_ENABLE_OBJC_ARC = YES;
				CLANG_WARN_BOOL_CONVERSION = YES;
				CLANG_WARN_CONSTANT_CONVERSION = YES;
				CLANG_WARN_DIRECT_OBJC_ISA_USAGE = YES_ERROR;
				CLANG_WARN_EMPTY_BODY = YES;
				CLANG_WARN_ENUM_CONVERSION = YES;
				CLANG_WARN_INT_CONVERSION = YES;
				CLANG_WARN_OBJC_ROOT_CLASS = YES_ERROR;
				CLANG_WARN_UNREACHABLE_CODE = YES;
				CLANG_WARN__DUPLICATE_METHOD_MATCH = YES;
				"CODE_SIGN_IDENTITY[sdk=iphoneos*]" = "iPhone Developer";
				COPY_PHASE_STRIP = NO;
				DEBUG_INFORMATION_FORMAT = "dwarf-with-dsym";
				ENABLE_NS_ASSERTIONS = NO;
				ENABLE_STRICT_OBJC_MSGSEND = YES;
				GCC_C_LANGUAGE_STANDARD = gnu99;
				GCC_NO_COMMON_BLOCKS = YES;
				GCC_WARN_64_TO_32_BIT_CONVERSION = YES;
				GCC_WARN_ABOUT_RETURN_TYPE = YES_ERROR;
				GCC_WARN_UNDECLARED_SELECTOR = YES;
				GCC_WARN_UNINITIALIZED_AUTOS = YES_AGGRESSIVE;
				GCC_WARN_UNUSED_FUNCTION = YES;
				GCC_WARN_UNUSED_VARIABLE = YES;
				IPHONEOS_DEPLOYMENT_TARGET = 9.3;
				MTL_ENABLE_DEBUG_INFO = NO;
				SDKROOT = iphoneos;
				VALIDATE_PRODUCT = YES;
			};
			name = Release;
		};
		AED3D7501D7E5E6E0069033F /* Debug */ = {
			isa = XCBuildConfiguration;
			baseConfigurationReference = BDA9D0021BC2825DD32730E4 /* Pods-HishowZone.debug.xcconfig */;
			buildSettings = {
				ASSETCATALOG_COMPILER_APPICON_NAME = AppIcon;
				CLANG_ENABLE_MODULES = YES;
				HEADER_SEARCH_PATHS = "\"${PODS_ROOT}/\"/**";
				INFOPLIST_FILE = HishowZone/Info.plist;
				IPHONEOS_DEPLOYMENT_TARGET = 9.0;
				LD_RUNPATH_SEARCH_PATHS = "$(inherited) @executable_path/Frameworks";
				PRODUCT_BUNDLE_IDENTIFIER = com.cgm.HishowZone;
				PRODUCT_NAME = "$(TARGET_NAME)";
				SWIFT_OBJC_BRIDGING_HEADER = "HishowZone/HishowZone-Bridging-Header.h";
				SWIFT_OPTIMIZATION_LEVEL = "-Onone";
			};
			name = Debug;
		};
		AED3D7511D7E5E6E0069033F /* Release */ = {
			isa = XCBuildConfiguration;
			baseConfigurationReference = 34057CDAEDC8DBCA9CAD9347 /* Pods-HishowZone.release.xcconfig */;
			buildSettings = {
				ASSETCATALOG_COMPILER_APPICON_NAME = AppIcon;
				CLANG_ENABLE_MODULES = YES;
				HEADER_SEARCH_PATHS = "\"${PODS_ROOT}/\"/**";
				INFOPLIST_FILE = HishowZone/Info.plist;
				IPHONEOS_DEPLOYMENT_TARGET = 9.0;
				LD_RUNPATH_SEARCH_PATHS = "$(inherited) @executable_path/Frameworks";
				PRODUCT_BUNDLE_IDENTIFIER = com.cgm.HishowZone;
				PRODUCT_NAME = "$(TARGET_NAME)";
				SWIFT_OBJC_BRIDGING_HEADER = "HishowZone/HishowZone-Bridging-Header.h";
			};
			name = Release;
		};
		AED3D7531D7E5E6E0069033F /* Debug */ = {
			isa = XCBuildConfiguration;
			baseConfigurationReference = B54EEF628B185F9AB575844E /* Pods-HishowZoneTests.debug.xcconfig */;
			buildSettings = {
				BUNDLE_LOADER = "$(TEST_HOST)";
				INFOPLIST_FILE = HishowZoneTests/Info.plist;
				LD_RUNPATH_SEARCH_PATHS = "$(inherited) @executable_path/Frameworks @loader_path/Frameworks";
				PRODUCT_BUNDLE_IDENTIFIER = com.cgm.HishowZoneTests;
				PRODUCT_NAME = "$(TARGET_NAME)";
				TEST_HOST = "$(BUILT_PRODUCTS_DIR)/HishowZone.app/HishowZone";
			};
			name = Debug;
		};
		AED3D7541D7E5E6E0069033F /* Release */ = {
			isa = XCBuildConfiguration;
			baseConfigurationReference = 5E448190B2ECBD29A39019D7 /* Pods-HishowZoneTests.release.xcconfig */;
			buildSettings = {
				BUNDLE_LOADER = "$(TEST_HOST)";
				INFOPLIST_FILE = HishowZoneTests/Info.plist;
				LD_RUNPATH_SEARCH_PATHS = "$(inherited) @executable_path/Frameworks @loader_path/Frameworks";
				PRODUCT_BUNDLE_IDENTIFIER = com.cgm.HishowZoneTests;
				PRODUCT_NAME = "$(TARGET_NAME)";
				TEST_HOST = "$(BUILT_PRODUCTS_DIR)/HishowZone.app/HishowZone";
			};
			name = Release;
		};
		AED3D7561D7E5E6E0069033F /* Debug */ = {
			isa = XCBuildConfiguration;
			baseConfigurationReference = 9FC546136B239924CA50DBB1 /* Pods-HishowZoneUITests.debug.xcconfig */;
			buildSettings = {
				INFOPLIST_FILE = HishowZoneUITests/Info.plist;
				LD_RUNPATH_SEARCH_PATHS = "$(inherited) @executable_path/Frameworks @loader_path/Frameworks";
				PRODUCT_BUNDLE_IDENTIFIER = com.cgm.HishowZoneUITests;
				PRODUCT_NAME = "$(TARGET_NAME)";
				TEST_TARGET_NAME = HishowZone;
			};
			name = Debug;
		};
		AED3D7571D7E5E6E0069033F /* Release */ = {
			isa = XCBuildConfiguration;
			baseConfigurationReference = 960753FD6DF7A9C2331FF843 /* Pods-HishowZoneUITests.release.xcconfig */;
			buildSettings = {
				INFOPLIST_FILE = HishowZoneUITests/Info.plist;
				LD_RUNPATH_SEARCH_PATHS = "$(inherited) @executable_path/Frameworks @loader_path/Frameworks";
				PRODUCT_BUNDLE_IDENTIFIER = com.cgm.HishowZoneUITests;
				PRODUCT_NAME = "$(TARGET_NAME)";
				TEST_TARGET_NAME = HishowZone;
			};
			name = Release;
		};
/* End XCBuildConfiguration section */

/* Begin XCConfigurationList section */
		AED3D7221D7E5E6D0069033F /* Build configuration list for PBXProject "HishowZone" */ = {
			isa = XCConfigurationList;
			buildConfigurations = (
				AED3D74D1D7E5E6E0069033F /* Debug */,
				AED3D74E1D7E5E6E0069033F /* Release */,
			);
			defaultConfigurationIsVisible = 0;
			defaultConfigurationName = Release;
		};
		AED3D74F1D7E5E6E0069033F /* Build configuration list for PBXNativeTarget "HishowZone" */ = {
			isa = XCConfigurationList;
			buildConfigurations = (
				AED3D7501D7E5E6E0069033F /* Debug */,
				AED3D7511D7E5E6E0069033F /* Release */,
			);
			defaultConfigurationIsVisible = 0;
			defaultConfigurationName = Release;
		};
		AED3D7521D7E5E6E0069033F /* Build configuration list for PBXNativeTarget "HishowZoneTests" */ = {
			isa = XCConfigurationList;
			buildConfigurations = (
				AED3D7531D7E5E6E0069033F /* Debug */,
				AED3D7541D7E5E6E0069033F /* Release */,
			);
			defaultConfigurationIsVisible = 0;
			defaultConfigurationName = Release;
		};
		AED3D7551D7E5E6E0069033F /* Build configuration list for PBXNativeTarget "HishowZoneUITests" */ = {
			isa = XCConfigurationList;
			buildConfigurations = (
				AED3D7561D7E5E6E0069033F /* Debug */,
				AED3D7571D7E5E6E0069033F /* Release */,
			);
			defaultConfigurationIsVisible = 0;
			defaultConfigurationName = Release;
		};
/* End XCConfigurationList section */
	};
	rootObject = AED3D71F1D7E5E6D0069033F /* Project object */;
}
